{
  "nodes": {
    "nib": {
      "inputs": {
        "systems": "systems"
      },
      "locked": {
        "lastModified": 1768472076,
        "narHash": "sha256-bdVRCDy6oJx/CZiyxkke783FgtBW//wDuOAITUsQcNc=",
        "owner": "emilelcb",
        "repo": "nib",
        "rev": "42ac66dfc180a13af1cc8850397db66ec5556991",
        "type": "github"
      },
      "original": {
        "owner": "emilelcb",
        "repo": "nib",
        "type": "github"
      }
    },
    "root": {
      "inputs": {
        "nib": "nib"
      }
    },
    "systems": {
      "locked": {
        "lastModified": 1681028828,
        "narHash": "sha256-Vy1rq5AaRuLzOxct8nz4T6wlgyUR7zLU309k9mBC768=",
        "owner": "nix-systems",
        "repo": "default",
        "rev": "da67096a3b9bf56a91d16901293e51ba5b49a27e",
        "type": "github"
      },
      "original": {
        "owner": "nix-systems",
        "repo": "default",
        "type": "github"
      }
    }
  },
  "root": "root",
  "version": 7
}
